
Microsoft Visual Studio Solution File, Format Version 12.00
# Visual Studio Version 17
VisualStudioVersion = 17.13.35931.197 d17.13
MinimumVisualStudioVersion = 10.0.40219.1
Project("{FAE04EC0-301F-11D3-BF4B-00C04F79EFBC}") = "EnrollmentSystem", "EnrollmentSystem\EnrollmentSystem.csproj", "{3F3DF2CF-8066-4670-B499-13F68C1B95C4}"
EndProject
Global
	GlobalSection(SolutionConfigurationPlatforms) = preSolution
		Debug|Any CPU = Debug|Any CPU
		Release|Any CPU = Release|Any CPU
	EndGlobalSection
	GlobalSection(ProjectConfigurationPlatforms) = postSolution
		{3F3DF2CF-8066-4670-B499-13F68C1B95C4}.Debug|Any CPU.ActiveCfg = Debug|Any CPU
		{3F3DF2CF-8066-4670-B499-13F68C1B95C4}.Debug|Any CPU.Build.0 = Debug|Any CPU
		{3F3DF2CF-8066-4670-B499-13F68C1B95C4}.Release|Any CPU.ActiveCfg = Release|Any CPU
		{3F3DF2CF-8066-4670-B499-13F68C1B95C4}.Release|Any CPU.Build.0 = Release|Any CPU
	EndGlobalSection
	GlobalSection(SolutionProperties) = preSolution
		HideSolutionNode = FALSE
	EndGlobalSection
	GlobalSection(ExtensibilityGlobals) = postSolution
		SolutionGuid = {DD73A9AF-6A48-4BBF-8045-AF316102E3DB}
	EndGlobalSection
EndGlobal
